{
  "name": "resuai-resume-builder",
  "version": "2.0.0",
  "lockfileVersion": 3,
  "requires": true,
  "packages": {
    "": {
      "name": "resuai-resume-builder",
      "version": "2.0.0",
      "license": "MIT",
      "devDependencies": {},
      "engines": {
        "node": "24.x"
      }
    }
  }
}
